# THIS IS AN AUTOGENERATED FILE. DO NOT EDIT THIS FILE DIRECTLY.
# yarn lockfile v1


nodemailer@^6.4.11:
  version "6.4.11"
  resolved "https://registry.yarnpkg.com/nodemailer/-/nodemailer-6.4.11.tgz#1f00b4ffd106403f17c03f3d43d5945b2677046c"
  integrity sha512-BVZBDi+aJV4O38rxsUh164Dk1NCqgh6Cm0rQSb9SK/DHGll/DrCMnycVDD7msJgZCnmVa8ASo8EZzR7jsgTukQ==
